
Microsoft Visual Studio Solution File, Format Version 12.00
# Visual Studio Version 17
VisualStudioVersion = 17.1.32421.90
MinimumVisualStudioVersion = 10.0.40219.1
Project("{888888A0-9F3D-457C-B088-3A5042F75D52}") = "Converter", "Converter\Converter.pyproj", "{736B17D3-D7E4-4A6D-A4C1-FC51F04D40C0}"
EndProject
Global
	GlobalSection(SolutionConfigurationPlatforms) = preSolution
		Debug|Any CPU = Debug|Any CPU
		Release|Any CPU = Release|Any CPU
	EndGlobalSection
	GlobalSection(ProjectConfigurationPlatforms) = postSolution
		{736B17D3-D7E4-4A6D-A4C1-FC51F04D40C0}.Debug|Any CPU.ActiveCfg = Debug|Any CPU
		{736B17D3-D7E4-4A6D-A4C1-FC51F04D40C0}.Release|Any CPU.ActiveCfg = Release|Any CPU
	EndGlobalSection
	GlobalSection(SolutionProperties) = preSolution
		HideSolutionNode = FALSE
	EndGlobalSection
	GlobalSection(ExtensibilityGlobals) = postSolution
		SolutionGuid = {89A4C2E4-C6A7-457C-94D2-32C31D7F17F0}
	EndGlobalSection
EndGlobal
